
Microsoft Visual Studio Solution File, Format Version 12.00
# Visual Studio Version 16
VisualStudioVersion = 16.0.31402.337
MinimumVisualStudioVersion = 10.0.40219.1
Project("{FAE04EC0-301F-11D3-BF4B-00C04F79EFBC}") = "PairProgrammingTest", "PairProgrammingTest\PairProgrammingTest.csproj", "{20E8AB64-9BA6-4501-9321-1BF12C584B51}"
EndProject
Global
	GlobalSection(SolutionConfigurationPlatforms) = preSolution
		Debug|Any CPU = Debug|Any CPU
		Release|Any CPU = Release|Any CPU
	EndGlobalSection
	GlobalSection(ProjectConfigurationPlatforms) = postSolution
		{20E8AB64-9BA6-4501-9321-1BF12C584B51}.Debug|Any CPU.ActiveCfg = Debug|Any CPU
		{20E8AB64-9BA6-4501-9321-1BF12C584B51}.Debug|Any CPU.Build.0 = Debug|Any CPU
		{20E8AB64-9BA6-4501-9321-1BF12C584B51}.Release|Any CPU.ActiveCfg = Release|Any CPU
		{20E8AB64-9BA6-4501-9321-1BF12C584B51}.Release|Any CPU.Build.0 = Release|Any CPU
	EndGlobalSection
	GlobalSection(SolutionProperties) = preSolution
		HideSolutionNode = FALSE
	EndGlobalSection
	GlobalSection(ExtensibilityGlobals) = postSolution
		SolutionGuid = {5F932B1C-F2FC-4640-BDE9-C96ADC0E1BA4}
	EndGlobalSection
EndGlobal
